
Microsoft Visual Studio Solution File, Format Version 12.00
# Visual Studio 15
VisualStudioVersion = 15.0.28010.2050
MinimumVisualStudioVersion = 10.0.40219.1
Project("{FAE04EC0-301F-11D3-BF4B-00C04F79EFBC}") = "FactuxD", "FactuxD\FactuxD.csproj", "{B720E6C2-D845-4B88-A8CE-E9C757312377}"
EndProject
Project("{FAE04EC0-301F-11D3-BF4B-00C04F79EFBC}") = "MiLibreria", "MiLibreria\MiLibreria.csproj", "{FE13AEC7-E9C0-4000-B334-3C1526EFBDEE}"
EndProject
Global
	GlobalSection(SolutionConfigurationPlatforms) = preSolution
		Debug|Any CPU = Debug|Any CPU
		Release|Any CPU = Release|Any CPU
	EndGlobalSection
	GlobalSection(ProjectConfigurationPlatforms) = postSolution
		{B720E6C2-D845-4B88-A8CE-E9C757312377}.Debug|Any CPU.ActiveCfg = Debug|Any CPU
		{B720E6C2-D845-4B88-A8CE-E9C757312377}.Debug|Any CPU.Build.0 = Debug|Any CPU
		{B720E6C2-D845-4B88-A8CE-E9C757312377}.Release|Any CPU.ActiveCfg = Release|Any CPU
		{B720E6C2-D845-4B88-A8CE-E9C757312377}.Release|Any CPU.Build.0 = Release|Any CPU
		{FE13AEC7-E9C0-4000-B334-3C1526EFBDEE}.Debug|Any CPU.ActiveCfg = Debug|Any CPU
		{FE13AEC7-E9C0-4000-B334-3C1526EFBDEE}.Debug|Any CPU.Build.0 = Debug|Any CPU
		{FE13AEC7-E9C0-4000-B334-3C1526EFBDEE}.Release|Any CPU.ActiveCfg = Release|Any CPU
		{FE13AEC7-E9C0-4000-B334-3C1526EFBDEE}.Release|Any CPU.Build.0 = Release|Any CPU
	EndGlobalSection
	GlobalSection(SolutionProperties) = preSolution
		HideSolutionNode = FALSE
	EndGlobalSection
	GlobalSection(ExtensibilityGlobals) = postSolution
		SolutionGuid = {D51FE1A7-0EBF-406D-9010-630A01DC0BCD}
	EndGlobalSection
EndGlobal
